
Microsoft Visual Studio Solution File, Format Version 12.00
# Visual Studio Version 17
VisualStudioVersion = 17.13.35828.75 d17.13
MinimumVisualStudioVersion = 10.0.40219.1
Project("{FAE04EC0-301F-11D3-BF4B-00C04F79EFBC}") = "LinkedMovement", "LinkedMovement.csproj", "{EE1D5CDA-B385-4A76-9370-41460EF3A81F}"
EndProject
Global
	GlobalSection(SolutionConfigurationPlatforms) = preSolution
		Debug|Any CPU = Debug|Any CPU
		Release|Any CPU = Release|Any CPU
	EndGlobalSection
	GlobalSection(ProjectConfigurationPlatforms) = postSolution
		{EE1D5CDA-B385-4A76-9370-41460EF3A81F}.Debug|Any CPU.ActiveCfg = Debug|Any CPU
		{EE1D5CDA-B385-4A76-9370-41460EF3A81F}.Debug|Any CPU.Build.0 = Debug|Any CPU
		{EE1D5CDA-B385-4A76-9370-41460EF3A81F}.Release|Any CPU.ActiveCfg = Release|Any CPU
		{EE1D5CDA-B385-4A76-9370-41460EF3A81F}.Release|Any CPU.Build.0 = Release|Any CPU
	EndGlobalSection
	GlobalSection(SolutionProperties) = preSolution
		HideSolutionNode = FALSE
	EndGlobalSection
	GlobalSection(ExtensibilityGlobals) = postSolution
		SolutionGuid = {EA6EB9ED-E700-49C6-8494-03D8E1711468}
	EndGlobalSection
EndGlobal
